
Microsoft Visual Studio Solution File, Format Version 12.00
# Visual Studio Version 16
VisualStudioVersion = 16.0.30413.136
MinimumVisualStudioVersion = 10.0.40219.1
Project("{FAE04EC0-301F-11D3-BF4B-00C04F79EFBC}") = "Gifter", "Gifter\Gifter.csproj", "{B3159E52-C979-4E95-9DCB-7BEF6CE14CB7}"
EndProject
Global
	GlobalSection(SolutionConfigurationPlatforms) = preSolution
		Debug|Any CPU = Debug|Any CPU
		Release|Any CPU = Release|Any CPU
	EndGlobalSection
	GlobalSection(ProjectConfigurationPlatforms) = postSolution
		{B3159E52-C979-4E95-9DCB-7BEF6CE14CB7}.Debug|Any CPU.ActiveCfg = Debug|Any CPU
		{B3159E52-C979-4E95-9DCB-7BEF6CE14CB7}.Debug|Any CPU.Build.0 = Debug|Any CPU
		{B3159E52-C979-4E95-9DCB-7BEF6CE14CB7}.Release|Any CPU.ActiveCfg = Release|Any CPU
		{B3159E52-C979-4E95-9DCB-7BEF6CE14CB7}.Release|Any CPU.Build.0 = Release|Any CPU
	EndGlobalSection
	GlobalSection(SolutionProperties) = preSolution
		HideSolutionNode = FALSE
	EndGlobalSection
	GlobalSection(ExtensibilityGlobals) = postSolution
		SolutionGuid = {9A3D1E3F-D91C-4B9E-A5CA-B75F2D54C897}
	EndGlobalSection
EndGlobal
